# This file is automatically @generated by Cargo.
# It is not intended for manual editing.
[[package]]
name = "atk-sys"
version = "0.6.0"
source = "registry+https://github.com/rust-lang/crates.io-index"
dependencies = [
 "bitflags 1.2.1 (registry+https://github.com/rust-lang/crates.io-index)",
 "glib-sys 0.6.0 (registry+https://github.com/rust-lang/crates.io-index)",
 "gobject-sys 0.6.0 (registry+https://github.com/rust-lang/crates.io-index)",
 "libc 0.2.66 (registry+https://github.com/rust-lang/crates.io-index)",
 "pkg-config 0.3.17 (registry+https://github.com/rust-lang/crates.io-index)",
]

[[package]]
name = "bitflags"
version = "1.2.1"
source = "registry+https://github.com/rust-lang/crates.io-index"

[[package]]
name = "block"
version = "0.1.6"
source = "registry+https://github.com/rust-lang/crates.io-index"

[[package]]
name = "c_vec"
version = "1.3.3"
source = "registry+https://github.com/rust-lang/crates.io-index"

[[package]]
name = "cairo-rs"
version = "0.4.1"
source = "registry+https://github.com/rust-lang/crates.io-index"
dependencies = [
 "c_vec 1.3.3 (registry+https://github.com/rust-lang/crates.io-index)",
 "cairo-sys-rs 0.6.0 (registry+https://github.com/rust-lang/crates.io-index)",
 "glib 0.5.0 (registry+https://github.com/rust-lang/crates.io-index)",
 "glib-sys 0.6.0 (registry+https://github.com/rust-lang/crates.io-index)",
 "libc 0.2.66 (registry+https://github.com/rust-lang/crates.io-index)",
]

[[package]]
name = "cairo-sys-rs"
version = "0.6.0"
source = "registry+https://github.com/rust-lang/crates.io-index"
dependencies = [
 "libc 0.2.66 (registry+https://github.com/rust-lang/crates.io-index)",
 "pkg-config 0.3.17 (registry+https://github.com/rust-lang/crates.io-index)",
 "winapi 0.3.8 (registry+https://github.com/rust-lang/crates.io-index)",
]

[[package]]
name = "cc"
version = "1.0.48"
source = "registry+https://github.com/rust-lang/crates.io-index"

[[package]]
name = "cocoa"
version = "0.19.1"
source = "registry+https://github.com/rust-lang/crates.io-index"
dependencies = [
 "bitflags 1.2.1 (registry+https://github.com/rust-lang/crates.io-index)",
 "block 0.1.6 (registry+https://github.com/rust-lang/crates.io-index)",
 "core-foundation 0.6.4 (registry+https://github.com/rust-lang/crates.io-index)",
 "core-graphics 0.17.3 (registry+https://github.com/rust-lang/crates.io-index)",
 "foreign-types 0.3.2 (registry+https://github.com/rust-lang/crates.io-index)",
 "libc 0.2.66 (registry+https://github.com/rust-lang/crates.io-index)",
 "objc 0.2.7 (registry+https://github.com/rust-lang/crates.io-index)",
]

[[package]]
name = "core-foundation"
version = "0.6.4"
source = "registry+https://github.com/rust-lang/crates.io-index"
dependencies = [
 "core-foundation-sys 0.6.2 (registry+https://github.com/rust-lang/crates.io-index)",
 "libc 0.2.66 (registry+https://github.com/rust-lang/crates.io-index)",
]

[[package]]
name = "core-foundation-sys"
version = "0.6.2"
source = "registry+https://github.com/rust-lang/crates.io-index"

[[package]]
name = "core-graphics"
version = "0.17.3"
source = "registry+https://github.com/rust-lang/crates.io-index"
dependencies = [
 "bitflags 1.2.1 (registry+https://github.com/rust-lang/crates.io-index)",
 "core-foundation 0.6.4 (registry+https://github.com/rust-lang/crates.io-index)",
 "foreign-types 0.3.2 (registry+https://github.com/rust-lang/crates.io-index)",
 "libc 0.2.66 (registry+https://github.com/rust-lang/crates.io-index)",
]

[[package]]
name = "foreign-types"
version = "0.3.2"
source = "registry+https://github.com/rust-lang/crates.io-index"
dependencies = [
 "foreign-types-shared 0.1.1 (registry+https://github.com/rust-lang/crates.io-index)",
]

[[package]]
name = "foreign-types-shared"
version = "0.1.1"
source = "registry+https://github.com/rust-lang/crates.io-index"

[[package]]
name = "gdk"
version = "0.8.0"
source = "registry+https://github.com/rust-lang/crates.io-index"
dependencies = [
 "bitflags 1.2.1 (registry+https://github.com/rust-lang/crates.io-index)",
 "cairo-rs 0.4.1 (registry+https://github.com/rust-lang/crates.io-index)",
 "cairo-sys-rs 0.6.0 (registry+https://github.com/rust-lang/crates.io-index)",
 "gdk-pixbuf 0.4.0 (registry+https://github.com/rust-lang/crates.io-index)",
 "gdk-sys 0.6.0 (registry+https://github.com/rust-lang/crates.io-index)",
 "gio 0.4.1 (registry+https://github.com/rust-lang/crates.io-index)",
 "glib 0.5.0 (registry+https://github.com/rust-lang/crates.io-index)",
 "glib-sys 0.6.0 (registry+https://github.com/rust-lang/crates.io-index)",
 "gobject-sys 0.6.0 (registry+https://github.com/rust-lang/crates.io-index)",
 "libc 0.2.66 (registry+https://github.com/rust-lang/crates.io-index)",
 "pango 0.4.0 (registry+https://github.com/rust-lang/crates.io-index)",
]

[[package]]
name = "gdk-pixbuf"
version = "0.4.0"
source = "registry+https://github.com/rust-lang/crates.io-index"
dependencies = [
 "gdk-pixbuf-sys 0.6.0 (registry+https://github.com/rust-lang/crates.io-index)",
 "gio 0.4.1 (registry+https://github.com/rust-lang/crates.io-index)",
 "gio-sys 0.6.0 (registry+https://github.com/rust-lang/crates.io-index)",
 "glib 0.5.0 (registry+https://github.com/rust-lang/crates.io-index)",
 "glib-sys 0.6.0 (registry+https://github.com/rust-lang/crates.io-index)",
 "gobject-sys 0.6.0 (registry+https://github.com/rust-lang/crates.io-index)",
 "libc 0.2.66 (registry+https://github.com/rust-lang/crates.io-index)",
]

[[package]]
name = "gdk-pixbuf-sys"
version = "0.6.0"
source = "registry+https://github.com/rust-lang/crates.io-index"
dependencies = [
 "bitflags 1.2.1 (registry+https://github.com/rust-lang/crates.io-index)",
 "gio-sys 0.6.0 (registry+https://github.com/rust-lang/crates.io-index)",
 "glib-sys 0.6.0 (registry+https://github.com/rust-lang/crates.io-index)",
 "gobject-sys 0.6.0 (registry+https://github.com/rust-lang/crates.io-index)",
 "libc 0.2.66 (registry+https://github.com/rust-lang/crates.io-index)",
 "pkg-config 0.3.17 (registry+https://github.com/rust-lang/crates.io-index)",
]

[[package]]
name = "gdk-sys"
version = "0.6.0"
source = "registry+https://github.com/rust-lang/crates.io-index"
dependencies = [
 "bitflags 1.2.1 (registry+https://github.com/rust-lang/crates.io-index)",
 "cairo-sys-rs 0.6.0 (registry+https://github.com/rust-lang/crates.io-index)",
 "gdk-pixbuf-sys 0.6.0 (registry+https://github.com/rust-lang/crates.io-index)",
 "gio-sys 0.6.0 (registry+https://github.com/rust-lang/crates.io-index)",
 "glib-sys 0.6.0 (registry+https://github.com/rust-lang/crates.io-index)",
 "gobject-sys 0.6.0 (registry+https://github.com/rust-lang/crates.io-index)",
 "libc 0.2.66 (registry+https://github.com/rust-lang/crates.io-index)",
 "pango-sys 0.6.0 (registry+https://github.com/rust-lang/crates.io-index)",
 "pkg-config 0.3.17 (registry+https://github.com/rust-lang/crates.io-index)",
]

[[package]]
name = "gio"
version = "0.4.1"
source = "registry+https://github.com/rust-lang/crates.io-index"
dependencies = [
 "bitflags 1.2.1 (registry+https://github.com/rust-lang/crates.io-index)",
 "gio-sys 0.6.0 (registry+https://github.com/rust-lang/crates.io-index)",
 "glib 0.5.0 (registry+https://github.com/rust-lang/crates.io-index)",
 "glib-sys 0.6.0 (registry+https://github.com/rust-lang/crates.io-index)",
 "gobject-sys 0.6.0 (registry+https://github.com/rust-lang/crates.io-index)",
 "lazy_static 1.4.0 (registry+https://github.com/rust-lang/crates.io-index)",
 "libc 0.2.66 (registry+https://github.com/rust-lang/crates.io-index)",
]

[[package]]
name = "gio-sys"
version = "0.6.0"
source = "registry+https://github.com/rust-lang/crates.io-index"
dependencies = [
 "bitflags 1.2.1 (registry+https://github.com/rust-lang/crates.io-index)",
 "glib-sys 0.6.0 (registry+https://github.com/rust-lang/crates.io-index)",
 "gobject-sys 0.6.0 (registry+https://github.com/rust-lang/crates.io-index)",
 "libc 0.2.66 (registry+https://github.com/rust-lang/crates.io-index)",
 "pkg-config 0.3.17 (registry+https://github.com/rust-lang/crates.io-index)",
]

[[package]]
name = "glib"
version = "0.5.0"
source = "registry+https://github.com/rust-lang/crates.io-index"
dependencies = [
 "bitflags 1.2.1 (registry+https://github.com/rust-lang/crates.io-index)",
 "glib-sys 0.6.0 (registry+https://github.com/rust-lang/crates.io-index)",
 "gobject-sys 0.6.0 (registry+https://github.com/rust-lang/crates.io-index)",
 "lazy_static 1.4.0 (registry+https://github.com/rust-lang/crates.io-index)",
 "libc 0.2.66 (registry+https://github.com/rust-lang/crates.io-index)",
]

[[package]]
name = "glib-sys"
version = "0.6.0"
source = "registry+https://github.com/rust-lang/crates.io-index"
dependencies = [
 "bitflags 1.2.1 (registry+https://github.com/rust-lang/crates.io-index)",
 "libc 0.2.66 (registry+https://github.com/rust-lang/crates.io-index)",
 "pkg-config 0.3.17 (registry+https://github.com/rust-lang/crates.io-index)",
]

[[package]]
name = "glob"
version = "0.2.11"
source = "registry+https://github.com/rust-lang/crates.io-index"

[[package]]
name = "gobject-sys"
version = "0.6.0"
source = "registry+https://github.com/rust-lang/crates.io-index"
dependencies = [
 "bitflags 1.2.1 (registry+https://github.com/rust-lang/crates.io-index)",
 "glib-sys 0.6.0 (registry+https://github.com/rust-lang/crates.io-index)",
 "libc 0.2.66 (registry+https://github.com/rust-lang/crates.io-index)",
 "pkg-config 0.3.17 (registry+https://github.com/rust-lang/crates.io-index)",
]

[[package]]
name = "gtk"
version = "0.4.1"
source = "registry+https://github.com/rust-lang/crates.io-index"
dependencies = [
 "bitflags 1.2.1 (registry+https://github.com/rust-lang/crates.io-index)",
 "cairo-rs 0.4.1 (registry+https://github.com/rust-lang/crates.io-index)",
 "cairo-sys-rs 0.6.0 (registry+https://github.com/rust-lang/crates.io-index)",
 "cc 1.0.48 (registry+https://github.com/rust-lang/crates.io-index)",
 "gdk 0.8.0 (registry+https://github.com/rust-lang/crates.io-index)",
 "gdk-pixbuf 0.4.0 (registry+https://github.com/rust-lang/crates.io-index)",
 "gdk-pixbuf-sys 0.6.0 (registry+https://github.com/rust-lang/crates.io-index)",
 "gdk-sys 0.6.0 (registry+https://github.com/rust-lang/crates.io-index)",
 "gio 0.4.1 (registry+https://github.com/rust-lang/crates.io-index)",
 "gio-sys 0.6.0 (registry+https://github.com/rust-lang/crates.io-index)",
 "glib 0.5.0 (registry+https://github.com/rust-lang/crates.io-index)",
 "glib-sys 0.6.0 (registry+https://github.com/rust-lang/crates.io-index)",
 "gobject-sys 0.6.0 (registry+https://github.com/rust-lang/crates.io-index)",
 "gtk-sys 0.6.0 (registry+https://github.com/rust-lang/crates.io-index)",
 "lazy_static 1.4.0 (registry+https://github.com/rust-lang/crates.io-index)",
 "libc 0.2.66 (registry+https://github.com/rust-lang/crates.io-index)",
 "pango 0.4.0 (registry+https://github.com/rust-lang/crates.io-index)",
]

[[package]]
name = "gtk-sys"
version = "0.6.0"
source = "registry+https://github.com/rust-lang/crates.io-index"
dependencies = [
 "atk-sys 0.6.0 (registry+https://github.com/rust-lang/crates.io-index)",
 "bitflags 1.2.1 (registry+https://github.com/rust-lang/crates.io-index)",
 "cairo-sys-rs 0.6.0 (registry+https://github.com/rust-lang/crates.io-index)",
 "gdk-pixbuf-sys 0.6.0 (registry+https://github.com/rust-lang/crates.io-index)",
 "gdk-sys 0.6.0 (registry+https://github.com/rust-lang/crates.io-index)",
 "gio-sys 0.6.0 (registry+https://github.com/rust-lang/crates.io-index)",
 "glib-sys 0.6.0 (registry+https://github.com/rust-lang/crates.io-index)",
 "gobject-sys 0.6.0 (registry+https://github.com/rust-lang/crates.io-index)",
 "libc 0.2.66 (registry+https://github.com/rust-lang/crates.io-index)",
 "pango-sys 0.6.0 (registry+https://github.com/rust-lang/crates.io-index)",
 "pkg-config 0.3.17 (registry+https://github.com/rust-lang/crates.io-index)",
]

[[package]]
name = "java-locator"
version = "0.1.2"
source = "registry+https://github.com/rust-lang/crates.io-index"
dependencies = [
 "glob 0.2.11 (registry+https://github.com/rust-lang/crates.io-index)",
 "lazy_static 1.4.0 (registry+https://github.com/rust-lang/crates.io-index)",
]

[[package]]
name = "lazy_static"
version = "1.4.0"
source = "registry+https://github.com/rust-lang/crates.io-index"

[[package]]
name = "libc"
version = "0.2.66"
source = "registry+https://github.com/rust-lang/crates.io-index"

[[package]]
name = "malloc_buf"
version = "0.0.6"
source = "registry+https://github.com/rust-lang/crates.io-index"
dependencies = [
 "libc 0.2.66 (registry+https://github.com/rust-lang/crates.io-index)",
]

[[package]]
name = "msgbox"
version = "0.4.0"
source = "registry+https://github.com/rust-lang/crates.io-index"
dependencies = [
 "cocoa 0.19.1 (registry+https://github.com/rust-lang/crates.io-index)",
 "gtk 0.4.1 (registry+https://github.com/rust-lang/crates.io-index)",
 "objc 0.2.7 (registry+https://github.com/rust-lang/crates.io-index)",
 "winapi 0.3.8 (registry+https://github.com/rust-lang/crates.io-index)",
]

[[package]]
name = "objc"
version = "0.2.7"
source = "registry+https://github.com/rust-lang/crates.io-index"
dependencies = [
 "malloc_buf 0.0.6 (registry+https://github.com/rust-lang/crates.io-index)",
]

[[package]]
name = "pango"
version = "0.4.0"
source = "registry+https://github.com/rust-lang/crates.io-index"
dependencies = [
 "bitflags 1.2.1 (registry+https://github.com/rust-lang/crates.io-index)",
 "glib 0.5.0 (registry+https://github.com/rust-lang/crates.io-index)",
 "glib-sys 0.6.0 (registry+https://github.com/rust-lang/crates.io-index)",
 "gobject-sys 0.6.0 (registry+https://github.com/rust-lang/crates.io-index)",
 "libc 0.2.66 (registry+https://github.com/rust-lang/crates.io-index)",
 "pango-sys 0.6.0 (registry+https://github.com/rust-lang/crates.io-index)",
]

[[package]]
name = "pango-sys"
version = "0.6.0"
source = "registry+https://github.com/rust-lang/crates.io-index"
dependencies = [
 "bitflags 1.2.1 (registry+https://github.com/rust-lang/crates.io-index)",
 "glib-sys 0.6.0 (registry+https://github.com/rust-lang/crates.io-index)",
 "gobject-sys 0.6.0 (registry+https://github.com/rust-lang/crates.io-index)",
 "libc 0.2.66 (registry+https://github.com/rust-lang/crates.io-index)",
 "pkg-config 0.3.17 (registry+https://github.com/rust-lang/crates.io-index)",
]

[[package]]
name = "pkg-config"
version = "0.3.17"
source = "registry+https://github.com/rust-lang/crates.io-index"

[[package]]
name = "rust-launcher"
version = "0.1.0"
dependencies = [
 "java-locator 0.1.2 (registry+https://github.com/rust-lang/crates.io-index)",
 "lazy_static 1.4.0 (registry+https://github.com/rust-lang/crates.io-index)",
 "msgbox 0.4.0 (registry+https://github.com/rust-lang/crates.io-index)",
 "winreg 0.6.2 (registry+https://github.com/rust-lang/crates.io-index)",
 "winres 0.1.11 (registry+https://github.com/rust-lang/crates.io-index)",
]

[[package]]
name = "serde"
version = "1.0.103"
source = "registry+https://github.com/rust-lang/crates.io-index"

[[package]]
name = "toml"
version = "0.5.5"
source = "registry+https://github.com/rust-lang/crates.io-index"
dependencies = [
 "serde 1.0.103 (registry+https://github.com/rust-lang/crates.io-index)",
]

[[package]]
name = "winapi"
version = "0.3.8"
source = "registry+https://github.com/rust-lang/crates.io-index"
dependencies = [
 "winapi-i686-pc-windows-gnu 0.4.0 (registry+https://github.com/rust-lang/crates.io-index)",
 "winapi-x86_64-pc-windows-gnu 0.4.0 (registry+https://github.com/rust-lang/crates.io-index)",
]

[[package]]
name = "winapi-i686-pc-windows-gnu"
version = "0.4.0"
source = "registry+https://github.com/rust-lang/crates.io-index"

[[package]]
name = "winapi-x86_64-pc-windows-gnu"
version = "0.4.0"
source = "registry+https://github.com/rust-lang/crates.io-index"

[[package]]
name = "winreg"
version = "0.6.2"
source = "registry+https://github.com/rust-lang/crates.io-index"
dependencies = [
 "winapi 0.3.8 (registry+https://github.com/rust-lang/crates.io-index)",
]

[[package]]
name = "winres"
version = "0.1.11"
source = "registry+https://github.com/rust-lang/crates.io-index"
dependencies = [
 "toml 0.5.5 (registry+https://github.com/rust-lang/crates.io-index)",
]

[metadata]
"checksum atk-sys 0.6.0 (registry+https://github.com/rust-lang/crates.io-index)" = "f8dc233521f7bffd3042c31082ea71bd08820abf44bac938fb36591e20f76f39"
"checksum bitflags 1.2.1 (registry+https://github.com/rust-lang/crates.io-index)" = "cf1de2fe8c75bc145a2f577add951f8134889b4795d47466a54a5c846d691693"
"checksum block 0.1.6 (registry+https://github.com/rust-lang/crates.io-index)" = "0d8c1fef690941d3e7788d328517591fecc684c084084702d6ff1641e993699a"
"checksum c_vec 1.3.3 (registry+https://github.com/rust-lang/crates.io-index)" = "f8a318911dce53b5f1ca6539c44f5342c632269f0fa7ea3e35f32458c27a7c30"
"checksum cairo-rs 0.4.1 (registry+https://github.com/rust-lang/crates.io-index)" = "a110f269c2fd382df5fe8bd46dfa5f1b83608aa717fecb6e7a28c08c202f0e13"
"checksum cairo-sys-rs 0.6.0 (registry+https://github.com/rust-lang/crates.io-index)" = "0395175ecba60accac076a02c31d143b9dcd9d5eb5316d7163a3273803b765c7"
"checksum cc 1.0.48 (registry+https://github.com/rust-lang/crates.io-index)" = "f52a465a666ca3d838ebbf08b241383421412fe7ebb463527bba275526d89f76"
"checksum cocoa 0.19.1 (registry+https://github.com/rust-lang/crates.io-index)" = "f29f7768b2d1be17b96158e3285951d366b40211320fb30826a76cb7a0da6400"
"checksum core-foundation 0.6.4 (registry+https://github.com/rust-lang/crates.io-index)" = "25b9e03f145fd4f2bf705e07b900cd41fc636598fe5dc452fd0db1441c3f496d"
"checksum core-foundation-sys 0.6.2 (registry+https://github.com/rust-lang/crates.io-index)" = "e7ca8a5221364ef15ce201e8ed2f609fc312682a8f4e0e3d4aa5879764e0fa3b"
"checksum core-graphics 0.17.3 (registry+https://github.com/rust-lang/crates.io-index)" = "56790968ab1c8a1202a102e6de05fc6e1ec87da99e4e93e9a7d13efbfc1e95a9"
"checksum foreign-types 0.3.2 (registry+https://github.com/rust-lang/crates.io-index)" = "f6f339eb8adc052cd2ca78910fda869aefa38d22d5cb648e6485e4d3fc06f3b1"
"checksum foreign-types-shared 0.1.1 (registry+https://github.com/rust-lang/crates.io-index)" = "00b0228411908ca8685dba7fc2cdd70ec9990a6e753e89b6ac91a84c40fbaf4b"
"checksum gdk 0.8.0 (registry+https://github.com/rust-lang/crates.io-index)" = "dd30051ff3d908ff2fc7e5776ffe1c699821e043809f294c3a61004f11d6c3a9"
"checksum gdk-pixbuf 0.4.0 (registry+https://github.com/rust-lang/crates.io-index)" = "c2d2199eba47ebcb9977ce28179649bdd59305ef465c4e6f9b65aaa41c24e6b5"
"checksum gdk-pixbuf-sys 0.6.0 (registry+https://github.com/rust-lang/crates.io-index)" = "df6a3b73e04fafc07f5ebc083f1096a773412e627828e1103a55e921f81187d8"
"checksum gdk-sys 0.6.0 (registry+https://github.com/rust-lang/crates.io-index)" = "3162ff940526ddff71bf1f630facee6b5e05d282d125ba0c4c803842819b80c3"
"checksum gio 0.4.1 (registry+https://github.com/rust-lang/crates.io-index)" = "2db9fad8f1b0d4c7338a210a6cbdf081dcc1a3c223718c698c4f313f6c288acb"
"checksum gio-sys 0.6.0 (registry+https://github.com/rust-lang/crates.io-index)" = "2a57872499171d279f8577ce83837da4cae62b08dd32892236ed67ab7ea61030"
"checksum glib 0.5.0 (registry+https://github.com/rust-lang/crates.io-index)" = "5e0be1b1432e227bcd1a9b28db9dc1474a7e7fd4227e08e16f35304f32d09b61"
"checksum glib-sys 0.6.0 (registry+https://github.com/rust-lang/crates.io-index)" = "615bef979b5838526aee99241afc80cfb2e34a8735d4bcb8ec6072598c18a408"
"checksum glob 0.2.11 (registry+https://github.com/rust-lang/crates.io-index)" = "8be18de09a56b60ed0edf84bc9df007e30040691af7acd1c41874faac5895bfb"
"checksum gobject-sys 0.6.0 (registry+https://github.com/rust-lang/crates.io-index)" = "70409d6405db8b1591602fcd0cbe8af52cd9976dd39194442b4c149ba343f86d"
"checksum gtk 0.4.1 (registry+https://github.com/rust-lang/crates.io-index)" = "d695d6be4110618a97c19cd068e8a00e53e33b87e3c65cdc5397667498b1bc24"
"checksum gtk-sys 0.6.0 (registry+https://github.com/rust-lang/crates.io-index)" = "3d9554cf5b3a85a13fb39258c65b04b262989c1d7a758f8f555b77a478621a91"
"checksum java-locator 0.1.2 (registry+https://github.com/rust-lang/crates.io-index)" = "62402993f775e51f6d3bab6d64b38aece6d15cbf37c845bda65005220fa0f9df"
"checksum lazy_static 1.4.0 (registry+https://github.com/rust-lang/crates.io-index)" = "e2abad23fbc42b3700f2f279844dc832adb2b2eb069b2df918f455c4e18cc646"
"checksum libc 0.2.66 (registry+https://github.com/rust-lang/crates.io-index)" = "d515b1f41455adea1313a4a2ac8a8a477634fbae63cc6100e3aebb207ce61558"
"checksum malloc_buf 0.0.6 (registry+https://github.com/rust-lang/crates.io-index)" = "62bb907fe88d54d8d9ce32a3cceab4218ed2f6b7d35617cafe9adf84e43919cb"
"checksum msgbox 0.4.0 (registry+https://github.com/rust-lang/crates.io-index)" = "82cb63d8d7be875323a43d9ab525c28ce2d65bff89648d1aedd9962e00dede00"
"checksum objc 0.2.7 (registry+https://github.com/rust-lang/crates.io-index)" = "915b1b472bc21c53464d6c8461c9d3af805ba1ef837e1cac254428f4a77177b1"
"checksum pango 0.4.0 (registry+https://github.com/rust-lang/crates.io-index)" = "45374801e224373c3c0393cd48073c81093494c8735721e81d1dbaa4096b2767"
"checksum pango-sys 0.6.0 (registry+https://github.com/rust-lang/crates.io-index)" = "94039b3921a4af4058a3e4335e5d15099101f298a92f5afc40bab3a3027594a1"
"checksum pkg-config 0.3.17 (registry+https://github.com/rust-lang/crates.io-index)" = "05da548ad6865900e60eaba7f589cc0783590a92e940c26953ff81ddbab2d677"
"checksum serde 1.0.103 (registry+https://github.com/rust-lang/crates.io-index)" = "1217f97ab8e8904b57dd22eb61cde455fa7446a9c1cf43966066da047c1f3702"
"checksum toml 0.5.5 (registry+https://github.com/rust-lang/crates.io-index)" = "01d1404644c8b12b16bfcffa4322403a91a451584daaaa7c28d3152e6cbc98cf"
"checksum winapi 0.3.8 (registry+https://github.com/rust-lang/crates.io-index)" = "8093091eeb260906a183e6ae1abdba2ef5ef2257a21801128899c3fc699229c6"
"checksum winapi-i686-pc-windows-gnu 0.4.0 (registry+https://github.com/rust-lang/crates.io-index)" = "ac3b87c63620426dd9b991e5ce0329eff545bccbbb34f3be09ff6fb6ab51b7b6"
"checksum winapi-x86_64-pc-windows-gnu 0.4.0 (registry+https://github.com/rust-lang/crates.io-index)" = "712e227841d057c1ee1cd2fb22fa7e5a5461ae8e48fa2ca79ec42cfc1931183f"
"checksum winreg 0.6.2 (registry+https://github.com/rust-lang/crates.io-index)" = "b2986deb581c4fe11b621998a5e53361efe6b48a151178d0cd9eeffa4dc6acc9"
"checksum winres 0.1.11 (registry+https://github.com/rust-lang/crates.io-index)" = "ff4fb510bbfe5b8992ff15f77a2e6fe6cf062878f0eda00c0f44963a807ca5dc"
